<?xml version="1.0" encoding="utf-8"?>
<Project ToolsVersion="4.0" xmlns="http://schemas.microsoft.com/developer/msbuild/2003">
  <ItemGroup>
    <ClCompile Include="..\src\Bounding.cpp">
      <Filter>src\Collision</Filter>
    </ClCompile>
    <ClCompile Include="..\src\CircleColliderSystem.cpp">
      <Filter>src\Systems</Filter>
    </ClCompile>
    <ClCompile Include="..\src\BoxColliderSystem.cpp">
      <Filter>src\Systems</Filter>
    </ClCompile>
    <ClCompile Include="..\src\CameraManager.cpp">
      <Filter>src\Engine</Filter>
    </ClCompile>
    <ClCompile Include="..\src\ComponentFactory.cpp">
      <Filter>src\Engine</Filter>
    </ClCompile>
    <ClCompile Include="..\src\EntityManager.cpp">
      <Filter>src\Engine</Filter>
    </ClCompile>
    <ClCompile Include="..\src\WindowManager.cpp">
      <Filter>src\Engine</Filter>
    </ClCompile>
    <ClCompile Include="..\src\TimeManager.cpp">
      <Filter>src\Engine</Filter>
    </ClCompile>
    <ClCompile Include="..\src\LevelManager.cpp">
      <Filter>src\Engine</Filter>
    </ClCompile>
    <ClCompile Include="..\src\InputManager.cpp">
      <Filter>src\Engine</Filter>
    </ClCompile>
    <ClCompile Include="..\src\SystemManager.cpp">
      <Filter>src\Engine</Filter>
    </ClCompile>
    <ClCompile Include="..\src\EntityFactory.cpp">
      <Filter>src\Entities</Filter>
    </ClCompile>
    <ClCompile Include="..\src\Prefab.cpp">
      <Filter>src\Entities</Filter>
    </ClCompile>
    <ClCompile Include="..\src\PrefabManager.cpp">
      <Filter>src\Entities</Filter>
    </ClCompile>
    <ClCompile Include="..\src\File.cpp">
      <Filter>src\File</Filter>
    </ClCompile>
    <ClCompile Include="..\src\imgui\imgui_widgets.cpp">
      <Filter>src\ImGui</Filter>
    </ClCompile>
    <ClCompile Include="..\src\imgui\imgui_tables.cpp">
      <Filter>src\ImGui</Filter>
    </ClCompile>
    <ClCompile Include="..\src\imgui\imgui_impl_opengl3.cpp">
      <Filter>src\ImGui</Filter>
    </ClCompile>
    <ClCompile Include="..\src\imgui\imgui_impl_glfw.cpp">
      <Filter>src\ImGui</Filter>
    </ClCompile>
    <ClCompile Include="..\src\imgui\imgui_freetype.cpp">
      <Filter>src\ImGui</Filter>
    </ClCompile>
    <ClCompile Include="..\src\imgui\imgui_draw.cpp">
      <Filter>src\ImGui</Filter>
    </ClCompile>
    <ClCompile Include="..\src\imgui\imgui_demo.cpp">
      <Filter>src\ImGui</Filter>
    </ClCompile>
    <ClCompile Include="..\src\imgui\imgui.cpp">
      <Filter>src\ImGui</Filter>
    </ClCompile>
    <ClCompile Include="..\src\ImageLoader.cpp">
      <Filter>src\Loading</Filter>
    </ClCompile>
    <ClCompile Include="..\src\AssetManager.cpp">
      <Filter>src\Loading</Filter>
    </ClCompile>
    <ClCompile Include="..\src\Vector2.cpp">
      <Filter>src\Math</Filter>
    </ClCompile>
    <ClCompile Include="..\src\Matrix3x3.cpp">
      <Filter>src\Math</Filter>
    </ClCompile>
    <ClCompile Include="..\src\DuckEngine.cpp">
      <Filter>src</Filter>
    </ClCompile>
    <ClCompile Include="..\src\DuckEngine_Input.cpp">
      <Filter>src</Filter>
    </ClCompile>
    <ClCompile Include="..\src\TextSystem.cpp">
      <Filter>src\Systems</Filter>
    </ClCompile>
    <ClCompile Include="..\src\SoundSystem.cpp">
      <Filter>src\Systems</Filter>
    </ClCompile>
    <ClCompile Include="..\src\SpriteRendererSystem.cpp">
      <Filter>src\Systems</Filter>
    </ClCompile>
    <ClCompile Include="..\src\ButtonSystem.cpp">
      <Filter>src\Systems</Filter>
    </ClCompile>
    <ClCompile Include="..\src\RigidbodySystem.cpp">
      <Filter>src\Systems</Filter>
    </ClCompile>
    <ClCompile Include="..\src\SoundComponent.cpp">
      <Filter>src\Components</Filter>
    </ClCompile>
    <ClCompile Include="..\src\FontManager.cpp">
      <Filter>src\Rendering</Filter>
    </ClCompile>
    <ClCompile Include="..\src\ShaderManager.cpp">
      <Filter>src\Rendering</Filter>
    </ClCompile>
    <ClCompile Include="..\src\GraphicsManager.cpp">
      <Filter>src\Rendering</Filter>
    </ClCompile>
    <ClCompile Include="..\src\Serialization.cpp">
      <Filter>src\Serialization</Filter>
    </ClCompile>
    <ClCompile Include="..\src\Scene.cpp">
      <Filter>src\Scene</Filter>
    </ClCompile>
    <ClCompile Include="..\src\Layer.cpp">
      <Filter>src\Scene</Filter>
    </ClCompile>
    <ClCompile Include="..\src\SceneManager.cpp">
      <Filter>src\Scene</Filter>
    </ClCompile>
    <ClCompile Include="..\src\AnimatorSystem.cpp">
      <Filter>src\Systems</Filter>
    </ClCompile>
    <ClCompile Include="..\src\imgui\ImCurveEdit.cpp">
      <Filter>src\ImGui</Filter>
    </ClCompile>
    <ClCompile Include="..\src\imgui\ImGradient.cpp">
      <Filter>src\ImGui</Filter>
    </ClCompile>
    <ClCompile Include="..\src\imgui\ImGuizmo.cpp">
      <Filter>src\ImGui</Filter>
    </ClCompile>
    <ClCompile Include="..\src\imgui\ImSequencer.cpp">
      <Filter>src\ImGui</Filter>
    </ClCompile>
    <ClCompile Include="..\src\GameLogicManager.cpp">
      <Filter>src\Engine</Filter>
    </ClCompile>
    <ClCompile Include="..\src\GameLogicSystem.cpp">
      <Filter>src\Systems</Filter>
    </ClCompile>
    <ClCompile Include="..\src\SpatialGridSystem.cpp">
      <Filter>src\Collision</Filter>
    </ClCompile>
    <ClCompile Include="..\src\TransformComponent.cpp">
      <Filter>src\Components</Filter>
    </ClCompile>
    <ClCompile Include="..\src\ParticleSystem.cpp">
      <Filter>src\Systems</Filter>
    </ClCompile>
  </ItemGroup>
  <ItemGroup>
    <ClInclude Include="..\include\Bounding.h">
      <Filter>include\Collision</Filter>
    </ClInclude>
    <ClInclude Include="..\include\AnimatorComponent.h">
      <Filter>include\Components</Filter>
    </ClInclude>
    <ClInclude Include="..\include\TransformComponent.h">
      <Filter>include\Components</Filter>
    </ClInclude>
    <ClInclude Include="..\include\SpriteRendererComponent.h">
      <Filter>include\Components</Filter>
    </ClInclude>
    <ClInclude Include="..\include\SoundComponent.h">
      <Filter>include\Components</Filter>
    </ClInclude>
    <ClInclude Include="..\include\RigidbodyComponent.h">
      <Filter>include\Components</Filter>
    </ClInclude>
    <ClInclude Include="..\include\ButtonComponent.h">
      <Filter>include\Components</Filter>
    </ClInclude>
    <ClInclude Include="..\include\TextComponent.h">
      <Filter>include\Components</Filter>
    </ClInclude>
    <ClInclude Include="..\include\Texture.h">
      <Filter>include\Data</Filter>
    </ClInclude>
    <ClInclude Include="..\include\ComponentManager.h">
      <Filter>include\Engine</Filter>
    </ClInclude>
    <ClInclude Include="..\include\ComponentFactory.h">
      <Filter>include\Engine</Filter>
    </ClInclude>
    <ClInclude Include="..\include\CircleColliderSystem.h">
      <Filter>include\Systems</Filter>
    </ClInclude>
    <ClInclude Include="..\include\BoxColliderSystem.h">
      <Filter>include\Systems</Filter>
    </ClInclude>
    <ClInclude Include="..\include\CameraManager.h">
      <Filter>include\Engine</Filter>
    </ClInclude>
    <ClInclude Include="..\include\EntityManager.h">
      <Filter>include\Engine</Filter>
    </ClInclude>
    <ClInclude Include="..\include\InputManager.h">
      <Filter>include\Engine</Filter>
    </ClInclude>
    <ClInclude Include="..\include\LevelManager.h">
      <Filter>include\Engine</Filter>
    </ClInclude>
    <ClInclude Include="..\include\SoundManager.h">
      <Filter>include\Engine</Filter>
    </ClInclude>
    <ClInclude Include="..\include\WindowManager.h">
      <Filter>include\Engine</Filter>
    </ClInclude>
    <ClInclude Include="..\include\TimeManager.h">
      <Filter>include\Engine</Filter>
    </ClInclude>
    <ClInclude Include="..\include\SystemManager.h">
      <Filter>include\Engine</Filter>
    </ClInclude>
    <ClInclude Include="..\include\Entity.h">
      <Filter>include\Entities</Filter>
    </ClInclude>
    <ClInclude Include="..\include\EntityFactory.h">
      <Filter>include\Entities</Filter>
    </ClInclude>
    <ClInclude Include="..\include\Prefab.h">
      <Filter>include\Entities</Filter>
    </ClInclude>
    <ClInclude Include="..\include\PrefabManager.h">
      <Filter>include\Entities</Filter>
    </ClInclude>
    <ClInclude Include="..\include\File.h">
      <Filter>include\File</Filter>
    </ClInclude>
    <ClInclude Include="..\include\json.hpp">
      <Filter>include\File</Filter>
    </ClInclude>
    <ClInclude Include="..\include\imgui\imconfig.h">
      <Filter>include\ImGui</Filter>
    </ClInclude>
    <ClInclude Include="..\include\imgui\imgui.h">
      <Filter>include\ImGui</Filter>
    </ClInclude>
    <ClInclude Include="..\include\imgui\imgui_freetype.h">
      <Filter>include\ImGui</Filter>
    </ClInclude>
    <ClInclude Include="..\include\imgui\imgui_impl_glfw.h">
      <Filter>include\ImGui</Filter>
    </ClInclude>
    <ClInclude Include="..\include\imgui\imgui_impl_opengl3.h">
      <Filter>include\ImGui</Filter>
    </ClInclude>
    <ClInclude Include="..\include\imgui\imgui_impl_opengl3_loader.h">
      <Filter>include\ImGui</Filter>
    </ClInclude>
    <ClInclude Include="..\include\imgui\imgui_internal.h">
      <Filter>include\ImGui</Filter>
    </ClInclude>
    <ClInclude Include="..\include\imgui\imstb_rectpack.h">
      <Filter>include\ImGui</Filter>
    </ClInclude>
    <ClInclude Include="..\include\imgui\imstb_textedit.h">
      <Filter>include\ImGui</Filter>
    </ClInclude>
    <ClInclude Include="..\include\imgui\imstb_truetype.h">
      <Filter>include\ImGui</Filter>
    </ClInclude>
    <ClInclude Include="..\include\ImageLoader.h">
      <Filter>include\Loading</Filter>
    </ClInclude>
    <ClInclude Include="..\include\AssetManager.h">
      <Filter>include\Loading</Filter>
    </ClInclude>
    <ClInclude Include="..\include\DuckEngine.h">
      <Filter>include</Filter>
    </ClInclude>
    <ClInclude Include="..\include\DuckEngine_Input.h">
      <Filter>include</Filter>
    </ClInclude>
    <ClInclude Include="..\include\Vector2.h">
      <Filter>include\Math</Filter>
    </ClInclude>
    <ClInclude Include="..\include\Matrix3x3.h">
      <Filter>include\Math</Filter>
    </ClInclude>
    <ClInclude Include="..\include\Color.h">
      <Filter>include\Rendering</Filter>
    </ClInclude>
    <ClInclude Include="..\include\FontManager.h">
      <Filter>include\Rendering</Filter>
    </ClInclude>
    <ClInclude Include="..\include\GraphicsManager.h">
      <Filter>include\Rendering</Filter>
    </ClInclude>
    <ClInclude Include="..\include\ShaderManager.h">
      <Filter>include\Rendering</Filter>
    </ClInclude>
    <ClInclude Include="..\include\RenderData.h">
      <Filter>include\Rendering</Filter>
    </ClInclude>
    <ClInclude Include="..\include\Scene.h">
      <Filter>include\Scene</Filter>
    </ClInclude>
    <ClInclude Include="..\include\Layer.h">
      <Filter>include\Scene</Filter>
    </ClInclude>
    <ClInclude Include="..\include\SceneManager.h">
      <Filter>include\Scene</Filter>
    </ClInclude>
    <ClInclude Include="..\include\Serialization.h">
      <Filter>include\Serialization</Filter>
    </ClInclude>
    <ClInclude Include="..\include\AnimatorSystem.h">
      <Filter>include\Systems</Filter>
    </ClInclude>
    <ClInclude Include="..\include\ButtonSystem.h">
      <Filter>include\Systems</Filter>
    </ClInclude>
    <ClInclude Include="..\include\RigidbodySystem.h">
      <Filter>include\Systems</Filter>
    </ClInclude>
    <ClInclude Include="..\include\SpriteRendererSystem.h">
      <Filter>include\Systems</Filter>
    </ClInclude>
    <ClInclude Include="..\include\System.h">
      <Filter>include\Systems</Filter>
    </ClInclude>
    <ClInclude Include="..\include\TextSystem.h">
      <Filter>include\Systems</Filter>
    </ClInclude>
    <ClInclude Include="..\include\SoundSystem.h">
      <Filter>include\Systems</Filter>
    </ClInclude>
    <ClInclude Include="..\include\Component.h">
      <Filter>include\Components</Filter>
    </ClInclude>
    <ClInclude Include="..\include\imgui\ImCurveEdit.h">
      <Filter>include\ImGui</Filter>
    </ClInclude>
    <ClInclude Include="..\include\imgui\ImGradient.h">
      <Filter>include\ImGui</Filter>
    </ClInclude>
    <ClInclude Include="..\include\imgui\ImGuizmo.h">
      <Filter>include\ImGui</Filter>
    </ClInclude>
    <ClInclude Include="..\include\imgui\ImSequencer.h">
      <Filter>include\ImGui</Filter>
    </ClInclude>
    <ClInclude Include="..\include\imgui\ImZoomSlider.h">
      <Filter>include\ImGui</Filter>
    </ClInclude>
    <ClInclude Include="..\include\GameLogicManager.h">
      <Filter>include\Engine</Filter>
    </ClInclude>
    <ClInclude Include="..\include\GameLogic.h">
      <Filter>include\Data</Filter>
    </ClInclude>
    <ClInclude Include="..\include\GameLogicComponent.h">
      <Filter>include\Components</Filter>
    </ClInclude>
    <ClInclude Include="..\include\GameLogicSystem.h">
      <Filter>include\Systems</Filter>
    </ClInclude>
    <ClInclude Include="..\include\SpatialGridSystem.h">
      <Filter>include\Collision</Filter>
    </ClInclude>
    <ClInclude Include="..\include\ParticleSystem.h">
      <Filter>include\Systems</Filter>
    </ClInclude>
    <ClInclude Include="..\include\SliderComponent.h">
      <Filter>include\Components</Filter>
    </ClInclude>
  </ItemGroup>
  <ItemGroup>
    <None Include="..\..\Game\Resources\Shaders\fontFragShader.frag">
      <Filter>src\Rendering\Shaders</Filter>
    </None>
    <None Include="..\..\Game\Resources\Shaders\fontVertShader.vert">
      <Filter>src\Rendering\Shaders</Filter>
    </None>
    <None Include="..\..\Game\Resources\Shaders\gameFragShader.frag">
      <Filter>src\Rendering\Shaders</Filter>
    </None>
    <None Include="..\..\Game\Resources\Shaders\gameVertShader.vert">
      <Filter>src\Rendering\Shaders</Filter>
    </None>
    <None Include="..\..\Game\Resources\Shaders\CircleVertShader.vert">
      <Filter>src\Rendering\Shaders</Filter>
    </None>
    <None Include="..\..\Game\Resources\Shaders\DebugFragShader.frag">
      <Filter>src\Rendering\Shaders</Filter>
    </None>
    <None Include="..\..\Game\Resources\Shaders\DebugVertShader.vert">
      <Filter>src\Rendering\Shaders</Filter>
    </None>
    <None Include="..\..\Game\Resources\Shaders\LineVertShader.vert">
      <Filter>src\Rendering\Shaders</Filter>
    </None>
    <None Include="..\..\Game\Resources\Shaders\PointVertShader.vert">
      <Filter>src\Rendering\Shaders</Filter>
    </None>
    <None Include="..\..\Game\Resources\Shaders\RectangleVertShader.vert">
      <Filter>src\Rendering\Shaders</Filter>
    </None>
  </ItemGroup>
  <ItemGroup>
    <Filter Include="include">
      <UniqueIdentifier>{3cfc2ed5-b197-434c-9f9d-23c66a75608c}</UniqueIdentifier>
    </Filter>
    <Filter Include="src">
      <UniqueIdentifier>{bc2aaf3b-403f-4591-b8f3-b2ae4489d395}</UniqueIdentifier>
    </Filter>
    <Filter Include="include\Collision">
      <UniqueIdentifier>{40bb6ab5-d561-4732-8f6c-ac8ccb54fd05}</UniqueIdentifier>
    </Filter>
    <Filter Include="src\Collision">
      <UniqueIdentifier>{df88b563-76d5-41eb-8f10-b9d31767e601}</UniqueIdentifier>
    </Filter>
    <Filter Include="include\Components">
      <UniqueIdentifier>{fee656d2-6fff-4f1c-8242-01747a7ba307}</UniqueIdentifier>
    </Filter>
    <Filter Include="src\Components">
      <UniqueIdentifier>{34a98334-9b47-4efb-ab3a-406947a1c341}</UniqueIdentifier>
    </Filter>
    <Filter Include="src\Engine">
      <UniqueIdentifier>{f7634236-0e55-4431-a4ed-5eff638e6f49}</UniqueIdentifier>
    </Filter>
    <Filter Include="include\Engine">
      <UniqueIdentifier>{b4eb8a01-a841-4b12-a063-246ef727b072}</UniqueIdentifier>
    </Filter>
    <Filter Include="include\Data">
      <UniqueIdentifier>{308509ab-b41e-4c9f-835f-f87093fc1d06}</UniqueIdentifier>
    </Filter>
    <Filter Include="src\Systems">
      <UniqueIdentifier>{577d4fb9-7175-4c9c-b86c-3e43b0083efc}</UniqueIdentifier>
    </Filter>
    <Filter Include="include\Systems">
      <UniqueIdentifier>{49fcd667-c15c-4d61-9a56-04dfd1825154}</UniqueIdentifier>
    </Filter>
    <Filter Include="include\Entities">
      <UniqueIdentifier>{6732c78b-66dc-4a38-bc77-f0d340d4451f}</UniqueIdentifier>
    </Filter>
    <Filter Include="src\Entities">
      <UniqueIdentifier>{ba1552f1-0404-47ce-8591-10d5e70b58d2}</UniqueIdentifier>
    </Filter>
    <Filter Include="include\File">
      <UniqueIdentifier>{83cd085d-523c-4720-a237-4eecfac889ca}</UniqueIdentifier>
    </Filter>
    <Filter Include="src\File">
      <UniqueIdentifier>{9acb8d2c-77ef-4f6a-b950-e8e81502f502}</UniqueIdentifier>
    </Filter>
    <Filter Include="include\ImGui">
      <UniqueIdentifier>{c6351f5a-60e7-4942-8caa-028a0f572506}</UniqueIdentifier>
    </Filter>
    <Filter Include="src\ImGui">
      <UniqueIdentifier>{ef561e6b-2bd6-45b9-ae12-5bdef4a4c33b}</UniqueIdentifier>
    </Filter>
    <Filter Include="include\Loading">
      <UniqueIdentifier>{552bd33a-ddbe-4a29-b44c-03159f3e27e9}</UniqueIdentifier>
    </Filter>
    <Filter Include="src\Loading">
      <UniqueIdentifier>{c99d4c35-5756-4b6d-bfcb-1327215d0193}</UniqueIdentifier>
    </Filter>
    <Filter Include="src\Math">
      <UniqueIdentifier>{96401235-3b10-47b3-bde6-ccc07cb8d771}</UniqueIdentifier>
    </Filter>
    <Filter Include="include\Math">
      <UniqueIdentifier>{7717e2a0-60d9-4e0b-a895-a4d586656912}</UniqueIdentifier>
    </Filter>
    <Filter Include="include\Rendering">
      <UniqueIdentifier>{5a16130c-8515-4b4f-bcd1-eeb6d8ba36bd}</UniqueIdentifier>
    </Filter>
    <Filter Include="include\Scene">
      <UniqueIdentifier>{99cc56b9-1cf4-45c6-82f4-81a8b1042423}</UniqueIdentifier>
    </Filter>
    <Filter Include="include\Serialization">
      <UniqueIdentifier>{d6a8b424-4baf-4c42-8af8-a41bd427154a}</UniqueIdentifier>
    </Filter>
    <Filter Include="include\UI">
      <UniqueIdentifier>{de9cb683-34c9-4e62-8d94-d6437ac34927}</UniqueIdentifier>
    </Filter>
    <Filter Include="src\Rendering">
      <UniqueIdentifier>{f1f8d360-d9c4-4dac-972d-20a3c9932e05}</UniqueIdentifier>
    </Filter>
    <Filter Include="src\Rendering\Shaders">
      <UniqueIdentifier>{b49c9a1f-b8f1-40e9-92ef-2e7f23fdd9a0}</UniqueIdentifier>
    </Filter>
    <Filter Include="src\Scene">
      <UniqueIdentifier>{717c95ea-dd18-47d5-ba1c-21a9f109bafc}</UniqueIdentifier>
    </Filter>
    <Filter Include="src\Serialization">
      <UniqueIdentifier>{c5c48d27-df47-4268-baa6-4ebccf7e17b7}</UniqueIdentifier>
    </Filter>
    <Filter Include="src\UI">
      <UniqueIdentifier>{98163f18-a2d1-44d3-83ed-61c39b995ff8}</UniqueIdentifier>
    </Filter>
  </ItemGroup>
</Project>