<?xml version="1.0" encoding="utf-8"?>
<Project ToolsVersion="4.0" xmlns="http://schemas.microsoft.com/developer/msbuild/2003">
  <ItemGroup>
    <Filter Include="include">
      <UniqueIdentifier>{8df3d414-6e41-4cdc-b249-f84618ffba25}</UniqueIdentifier>
    </Filter>
    <Filter Include="src">
      <UniqueIdentifier>{31934cd0-6f3a-42c7-9841-6a2348c7e29e}</UniqueIdentifier>
    </Filter>
    <Filter Include="include\rendering">
      <UniqueIdentifier>{558b2546-f36a-42e4-9020-eb6ce3eea10d}</UniqueIdentifier>
    </Filter>
    <Filter Include="src\rendering">
      <UniqueIdentifier>{d85c11f3-8707-44dd-89ad-02645b10f65f}</UniqueIdentifier>
    </Filter>
    <Filter Include="include\entities">
      <UniqueIdentifier>{924492b3-91d8-408b-beba-204533d82661}</UniqueIdentifier>
    </Filter>
    <Filter Include="src\entities">
      <UniqueIdentifier>{f6feb980-c1c1-45f8-90ff-e12ac2e328eb}</UniqueIdentifier>
    </Filter>
    <Filter Include="include\engine">
      <UniqueIdentifier>{fa8a82a8-c160-4644-9996-fd51017a6488}</UniqueIdentifier>
    </Filter>
    <Filter Include="src\engine">
      <UniqueIdentifier>{2fcf3e3e-d43a-4218-ad9f-228724a469c6}</UniqueIdentifier>
    </Filter>
    <Filter Include="include\components">
      <UniqueIdentifier>{a8a6e078-0736-4a91-94e4-465b3082bd83}</UniqueIdentifier>
    </Filter>
    <Filter Include="include\systems">
      <UniqueIdentifier>{b0abd3cd-a962-4aee-8e85-88541196c580}</UniqueIdentifier>
    </Filter>
    <Filter Include="src\systems">
      <UniqueIdentifier>{c8d14722-2426-43d5-896b-68a6c87dd1a8}</UniqueIdentifier>
    </Filter>
    <Filter Include="include\math">
      <UniqueIdentifier>{d9530a2f-c12b-440b-a9a4-4ddb1a23a653}</UniqueIdentifier>
    </Filter>
    <Filter Include="src\math">
      <UniqueIdentifier>{434438f7-80a9-48cf-b7ea-1ed5726acfce}</UniqueIdentifier>
    </Filter>
    <Filter Include="src\imgui">
      <UniqueIdentifier>{3c13e75f-0e3c-48d9-8eb7-0bb2b6aa16c2}</UniqueIdentifier>
    </Filter>
  </ItemGroup>
  <ItemGroup>
    <ClInclude Include="..\include\DuckEngine.h">
      <Filter>include</Filter>
    </ClInclude>
    <ClInclude Include="..\include\GraphicsManager.h">
      <Filter>include\rendering</Filter>
    </ClInclude>
    <ClInclude Include="..\include\glslshader.h">
      <Filter>include\rendering</Filter>
    </ClInclude>
    <ClInclude Include="..\include\Entity.h">
      <Filter>include\entities</Filter>
    </ClInclude>
    <ClInclude Include="..\include\TransformComponent.h">
      <Filter>include\components</Filter>
    </ClInclude>
    <ClInclude Include="..\include\ComponentManager.h">
      <Filter>include\engine</Filter>
    </ClInclude>
    <ClInclude Include="..\include\Component.h">
      <Filter>include\components</Filter>
    </ClInclude>
    <ClInclude Include="..\include\EntityManager.h">
      <Filter>include\engine</Filter>
    </ClInclude>
    <ClInclude Include="..\include\SystemManager.h">
      <Filter>include\engine</Filter>
    </ClInclude>
    <ClInclude Include="..\include\SpriteRendererComponent.h">
      <Filter>include\components</Filter>
    </ClInclude>
    <ClInclude Include="..\include\System.h">
      <Filter>include\systems</Filter>
    </ClInclude>
    <ClInclude Include="..\include\SpriteRendererSystem.h">
      <Filter>include\systems</Filter>
    </ClInclude>
    <ClInclude Include="..\include\InputManager.h">
      <Filter>include\engine</Filter>
    </ClInclude>
    <ClInclude Include="..\include\Matrix3x3.h">
      <Filter>include\math</Filter>
    </ClInclude>
    <ClInclude Include="..\include\Vector2.h">
      <Filter>include\math</Filter>
    </ClInclude>
    <ClInclude Include="..\include\ImGuiSystem.h">
      <Filter>include\systems</Filter>
    </ClInclude>
    <ClInclude Include="..\include\WindowManager.h">
      <Filter>include\engine</Filter>
    </ClInclude>
    <ClInclude Include="..\include\CameraManager.h">
      <Filter>include\engine</Filter>
    </ClInclude>
    <ClInclude Include="..\include\TimeManager.h">
      <Filter>include\engine</Filter>
    </ClInclude>
  </ItemGroup>
  <ItemGroup>
    <ClCompile Include="..\src\DuckEngine.cpp">
      <Filter>src</Filter>
    </ClCompile>
    <ClCompile Include="..\src\GraphicsManager.cpp">
      <Filter>src\rendering</Filter>
    </ClCompile>
    <ClCompile Include="..\src\glslshader.cpp">
      <Filter>src\rendering</Filter>
    </ClCompile>
    <ClCompile Include="..\src\EntityManager.cpp">
      <Filter>src\engine</Filter>
    </ClCompile>
    <ClCompile Include="..\src\SystemManager.cpp">
      <Filter>src\engine</Filter>
    </ClCompile>
    <ClCompile Include="..\src\SpriteRendererSystem.cpp">
      <Filter>src\systems</Filter>
    </ClCompile>
    <ClCompile Include="..\src\InputManager.cpp">
      <Filter>src\engine</Filter>
    </ClCompile>
    <ClCompile Include="..\src\Matrix3x3.cpp">
      <Filter>src\math</Filter>
    </ClCompile>
    <ClCompile Include="..\src\Vector2.cpp">
      <Filter>src\math</Filter>
    </ClCompile>
    <ClCompile Include="..\src\ImGuiSystem.cpp">
      <Filter>src\systems</Filter>
    </ClCompile>
    <ClCompile Include="..\src\WindowManager.cpp">
      <Filter>src\engine</Filter>
    </ClCompile>
    <ClCompile Include="..\src\CameraManager.cpp">
      <Filter>src\engine</Filter>
    </ClCompile>
    <ClCompile Include="..\src\TimeManager.cpp">
      <Filter>src\engine</Filter>
    </ClCompile>
    <ClCompile Include="..\lib\imgui\imgui.cpp">
      <Filter>src\imgui</Filter>
    </ClCompile>
    <ClCompile Include="..\lib\imgui\imgui_draw.cpp">
      <Filter>src\imgui</Filter>
    </ClCompile>
    <ClCompile Include="..\lib\imgui\imgui_widgets.cpp">
      <Filter>src\imgui</Filter>
    </ClCompile>
    <ClCompile Include="..\lib\imgui\imgui_tables.cpp">
      <Filter>src\imgui</Filter>
    </ClCompile>
    <ClCompile Include="..\lib\imgui\imgui_impl_glfw.cpp">
      <Filter>src\imgui</Filter>
    </ClCompile>
    <ClCompile Include="..\lib\imgui\imgui_impl_opengl3.cpp">
      <Filter>src\imgui</Filter>
    </ClCompile>
  </ItemGroup>
  <ItemGroup>
    <None Include="..\src\fragShader.frag">
      <Filter>src\rendering</Filter>
    </None>
    <None Include="..\src\vertShader.vert">
      <Filter>src\rendering</Filter>
    </None>
  </ItemGroup>
</Project>