
Microsoft Visual Studio Solution File, Format Version 12.00
# Visual Studio Version 17
VisualStudioVersion = 17.11.35222.181
MinimumVisualStudioVersion = 10.0.40219.1
Project("{8BC9CEB8-8B4A-11D0-8D11-00A0C91BC942}") = "Quack_Kitchen", "Game\Quack_Kitchen\Quack_Kitchen.vcxproj", "{082DCDAB-ADEF-423B-96CE-92BA204FE54D}"
EndProject
Project("{8BC9CEB8-8B4A-11D0-8D11-00A0C91BC942}") = "DuckEngine", "Engine\DuckEngine\DuckEngine.vcxproj", "{E79B9515-8A42-4AA1-B5D7-71D599BD5B43}"
EndProject
Project("{2150E333-8FDC-42A3-9474-1A3956D46DE8}") = "Engine", "Engine", "{EA961C89-4BFA-4A83-96B2-1767F7715B05}"
EndProject
Project("{2150E333-8FDC-42A3-9474-1A3956D46DE8}") = "Game", "Game", "{387AF271-891E-48CF-BC86-ABAF8563FE44}"
EndProject
Project("{2150E333-8FDC-42A3-9474-1A3956D46DE8}") = "Editor", "Editor", "{57ABA6C8-FFEE-4A40-94ED-171320DC2224}"
EndProject
Project("{8BC9CEB8-8B4A-11D0-8D11-00A0C91BC942}") = "LevelEditor", "Editor\ImGui\ImGui.vcxproj", "{06EE6F8E-6E75-4384-A420-F9F06694ECAA}"
	ProjectSection(ProjectDependencies) = postProject
		{082DCDAB-ADEF-423B-96CE-92BA204FE54D} = {082DCDAB-ADEF-423B-96CE-92BA204FE54D}
	EndProjectSection
EndProject
Global
	GlobalSection(SolutionConfigurationPlatforms) = preSolution
		Debug|Any CPU = Debug|Any CPU
		Debug|x64 = Debug|x64
		Debug|x86 = Debug|x86
		GameLibDebug|Any CPU = GameLibDebug|Any CPU
		GameLibDebug|x64 = GameLibDebug|x64
		GameLibDebug|x86 = GameLibDebug|x86
		GameLibRelease|Any CPU = GameLibRelease|Any CPU
		GameLibRelease|x64 = GameLibRelease|x64
		GameLibRelease|x86 = GameLibRelease|x86
		Release|Any CPU = Release|Any CPU
		Release|x64 = Release|x64
		Release|x86 = Release|x86
	EndGlobalSection
	GlobalSection(ProjectConfigurationPlatforms) = postSolution
		{082DCDAB-ADEF-423B-96CE-92BA204FE54D}.Debug|Any CPU.ActiveCfg = Debug|x64
		{082DCDAB-ADEF-423B-96CE-92BA204FE54D}.Debug|Any CPU.Build.0 = Debug|x64
		{082DCDAB-ADEF-423B-96CE-92BA204FE54D}.Debug|x64.ActiveCfg = Debug|x64
		{082DCDAB-ADEF-423B-96CE-92BA204FE54D}.Debug|x64.Build.0 = Debug|x64
		{082DCDAB-ADEF-423B-96CE-92BA204FE54D}.Debug|x86.ActiveCfg = Debug|Win32
		{082DCDAB-ADEF-423B-96CE-92BA204FE54D}.Debug|x86.Build.0 = Debug|Win32
		{082DCDAB-ADEF-423B-96CE-92BA204FE54D}.GameLibDebug|Any CPU.ActiveCfg = GameLibRelease|x64
		{082DCDAB-ADEF-423B-96CE-92BA204FE54D}.GameLibDebug|Any CPU.Build.0 = GameLibRelease|x64
		{082DCDAB-ADEF-423B-96CE-92BA204FE54D}.GameLibDebug|x64.ActiveCfg = GameLib|x64
		{082DCDAB-ADEF-423B-96CE-92BA204FE54D}.GameLibDebug|x64.Build.0 = GameLib|x64
		{082DCDAB-ADEF-423B-96CE-92BA204FE54D}.GameLibDebug|x86.ActiveCfg = GameLib|Win32
		{082DCDAB-ADEF-423B-96CE-92BA204FE54D}.GameLibDebug|x86.Build.0 = GameLib|Win32
		{082DCDAB-ADEF-423B-96CE-92BA204FE54D}.GameLibRelease|Any CPU.ActiveCfg = GameLibRelease|x64
		{082DCDAB-ADEF-423B-96CE-92BA204FE54D}.GameLibRelease|Any CPU.Build.0 = GameLibRelease|x64
		{082DCDAB-ADEF-423B-96CE-92BA204FE54D}.GameLibRelease|x64.ActiveCfg = GameLibRelease|x64
		{082DCDAB-ADEF-423B-96CE-92BA204FE54D}.GameLibRelease|x64.Build.0 = GameLibRelease|x64
		{082DCDAB-ADEF-423B-96CE-92BA204FE54D}.GameLibRelease|x86.ActiveCfg = GameLibRelease|Win32
		{082DCDAB-ADEF-423B-96CE-92BA204FE54D}.GameLibRelease|x86.Build.0 = GameLibRelease|Win32
		{082DCDAB-ADEF-423B-96CE-92BA204FE54D}.Release|Any CPU.ActiveCfg = Release|x64
		{082DCDAB-ADEF-423B-96CE-92BA204FE54D}.Release|Any CPU.Build.0 = Release|x64
		{082DCDAB-ADEF-423B-96CE-92BA204FE54D}.Release|x64.ActiveCfg = Release|x64
		{082DCDAB-ADEF-423B-96CE-92BA204FE54D}.Release|x64.Build.0 = Release|x64
		{082DCDAB-ADEF-423B-96CE-92BA204FE54D}.Release|x86.ActiveCfg = Release|Win32
		{082DCDAB-ADEF-423B-96CE-92BA204FE54D}.Release|x86.Build.0 = Release|Win32
		{E79B9515-8A42-4AA1-B5D7-71D599BD5B43}.Debug|Any CPU.ActiveCfg = Debug|x64
		{E79B9515-8A42-4AA1-B5D7-71D599BD5B43}.Debug|Any CPU.Build.0 = Debug|x64
		{E79B9515-8A42-4AA1-B5D7-71D599BD5B43}.Debug|x64.ActiveCfg = Debug|x64
		{E79B9515-8A42-4AA1-B5D7-71D599BD5B43}.Debug|x64.Build.0 = Debug|x64
		{E79B9515-8A42-4AA1-B5D7-71D599BD5B43}.Debug|x86.ActiveCfg = Debug|x64
		{E79B9515-8A42-4AA1-B5D7-71D599BD5B43}.Debug|x86.Build.0 = Debug|x64
		{E79B9515-8A42-4AA1-B5D7-71D599BD5B43}.GameLibDebug|Any CPU.ActiveCfg = GameLibRelease|x64
		{E79B9515-8A42-4AA1-B5D7-71D599BD5B43}.GameLibDebug|Any CPU.Build.0 = GameLibRelease|x64
		{E79B9515-8A42-4AA1-B5D7-71D599BD5B43}.GameLibDebug|x64.ActiveCfg = Debug|x64
		{E79B9515-8A42-4AA1-B5D7-71D599BD5B43}.GameLibDebug|x64.Build.0 = Debug|x64
		{E79B9515-8A42-4AA1-B5D7-71D599BD5B43}.GameLibDebug|x86.ActiveCfg = GameLib|x64
		{E79B9515-8A42-4AA1-B5D7-71D599BD5B43}.GameLibDebug|x86.Build.0 = GameLib|x64
		{E79B9515-8A42-4AA1-B5D7-71D599BD5B43}.GameLibRelease|Any CPU.ActiveCfg = GameLibRelease|x64
		{E79B9515-8A42-4AA1-B5D7-71D599BD5B43}.GameLibRelease|Any CPU.Build.0 = GameLibRelease|x64
		{E79B9515-8A42-4AA1-B5D7-71D599BD5B43}.GameLibRelease|x64.ActiveCfg = GameLibRelease|x64
		{E79B9515-8A42-4AA1-B5D7-71D599BD5B43}.GameLibRelease|x64.Build.0 = GameLibRelease|x64
		{E79B9515-8A42-4AA1-B5D7-71D599BD5B43}.GameLibRelease|x86.ActiveCfg = GameLibRelease|x64
		{E79B9515-8A42-4AA1-B5D7-71D599BD5B43}.GameLibRelease|x86.Build.0 = GameLibRelease|x64
		{E79B9515-8A42-4AA1-B5D7-71D599BD5B43}.Release|Any CPU.ActiveCfg = Release|x64
		{E79B9515-8A42-4AA1-B5D7-71D599BD5B43}.Release|Any CPU.Build.0 = Release|x64
		{E79B9515-8A42-4AA1-B5D7-71D599BD5B43}.Release|x64.ActiveCfg = Release|x64
		{E79B9515-8A42-4AA1-B5D7-71D599BD5B43}.Release|x64.Build.0 = Release|x64
		{E79B9515-8A42-4AA1-B5D7-71D599BD5B43}.Release|x86.ActiveCfg = Release|x64
		{E79B9515-8A42-4AA1-B5D7-71D599BD5B43}.Release|x86.Build.0 = Release|x64
		{06EE6F8E-6E75-4384-A420-F9F06694ECAA}.Debug|Any CPU.ActiveCfg = Debug|x64
		{06EE6F8E-6E75-4384-A420-F9F06694ECAA}.Debug|Any CPU.Build.0 = Debug|x64
		{06EE6F8E-6E75-4384-A420-F9F06694ECAA}.Debug|x64.ActiveCfg = Debug|x64
		{06EE6F8E-6E75-4384-A420-F9F06694ECAA}.Debug|x64.Build.0 = Debug|x64
		{06EE6F8E-6E75-4384-A420-F9F06694ECAA}.Debug|x86.ActiveCfg = Debug|Win32
		{06EE6F8E-6E75-4384-A420-F9F06694ECAA}.Debug|x86.Build.0 = Debug|Win32
		{06EE6F8E-6E75-4384-A420-F9F06694ECAA}.GameLibDebug|Any CPU.ActiveCfg = GameLibRelease|x64
		{06EE6F8E-6E75-4384-A420-F9F06694ECAA}.GameLibDebug|Any CPU.Build.0 = GameLibRelease|x64
		{06EE6F8E-6E75-4384-A420-F9F06694ECAA}.GameLibDebug|x64.ActiveCfg = Debug|x64
		{06EE6F8E-6E75-4384-A420-F9F06694ECAA}.GameLibDebug|x64.Build.0 = Debug|x64
		{06EE6F8E-6E75-4384-A420-F9F06694ECAA}.GameLibDebug|x86.ActiveCfg = GameLib|Win32
		{06EE6F8E-6E75-4384-A420-F9F06694ECAA}.GameLibDebug|x86.Build.0 = GameLib|Win32
		{06EE6F8E-6E75-4384-A420-F9F06694ECAA}.GameLibRelease|Any CPU.ActiveCfg = GameLibRelease|x64
		{06EE6F8E-6E75-4384-A420-F9F06694ECAA}.GameLibRelease|Any CPU.Build.0 = GameLibRelease|x64
		{06EE6F8E-6E75-4384-A420-F9F06694ECAA}.GameLibRelease|x64.ActiveCfg = GameLibRelease|x64
		{06EE6F8E-6E75-4384-A420-F9F06694ECAA}.GameLibRelease|x64.Build.0 = GameLibRelease|x64
		{06EE6F8E-6E75-4384-A420-F9F06694ECAA}.GameLibRelease|x86.ActiveCfg = GameLibRelease|Win32
		{06EE6F8E-6E75-4384-A420-F9F06694ECAA}.GameLibRelease|x86.Build.0 = GameLibRelease|Win32
		{06EE6F8E-6E75-4384-A420-F9F06694ECAA}.Release|Any CPU.ActiveCfg = Release|x64
		{06EE6F8E-6E75-4384-A420-F9F06694ECAA}.Release|Any CPU.Build.0 = Release|x64
		{06EE6F8E-6E75-4384-A420-F9F06694ECAA}.Release|x64.ActiveCfg = Release|x64
		{06EE6F8E-6E75-4384-A420-F9F06694ECAA}.Release|x64.Build.0 = Release|x64
		{06EE6F8E-6E75-4384-A420-F9F06694ECAA}.Release|x86.ActiveCfg = Release|Win32
		{06EE6F8E-6E75-4384-A420-F9F06694ECAA}.Release|x86.Build.0 = Release|Win32
	EndGlobalSection
	GlobalSection(SolutionProperties) = preSolution
		HideSolutionNode = FALSE
	EndGlobalSection
	GlobalSection(NestedProjects) = preSolution
		{082DCDAB-ADEF-423B-96CE-92BA204FE54D} = {387AF271-891E-48CF-BC86-ABAF8563FE44}
		{E79B9515-8A42-4AA1-B5D7-71D599BD5B43} = {EA961C89-4BFA-4A83-96B2-1767F7715B05}
		{06EE6F8E-6E75-4384-A420-F9F06694ECAA} = {57ABA6C8-FFEE-4A40-94ED-171320DC2224}
	EndGlobalSection
	GlobalSection(ExtensibilityGlobals) = postSolution
		SolutionGuid = {CDC57599-E98B-427B-9CDB-6DC67E086B4F}
	EndGlobalSection
EndGlobal
