
Microsoft Visual Studio Solution File, Format Version 12.00
# Visual Studio Version 17
VisualStudioVersion = 17.11.35222.181
MinimumVisualStudioVersion = 10.0.40219.1
Project("{8BC9CEB8-8B4A-11D0-8D11-00A0C91BC942}") = "Quack_Kitchen", "Game\Quack_Kitchen\Quack_Kitchen.vcxproj", "{082DCDAB-ADEF-423B-96CE-92BA204FE54D}"
EndProject
Project("{8BC9CEB8-8B4A-11D0-8D11-00A0C91BC942}") = "DuckEngine", "Engine\DuckEngine\DuckEngine.vcxproj", "{E79B9515-8A42-4AA1-B5D7-71D599BD5B43}"
EndProject
Project("{2150E333-8FDC-42A3-9474-1A3956D46DE8}") = "Engine", "Engine", "{EA961C89-4BFA-4A83-96B2-1767F7715B05}"
EndProject
Project("{2150E333-8FDC-42A3-9474-1A3956D46DE8}") = "Game", "Game", "{387AF271-891E-48CF-BC86-ABAF8563FE44}"
EndProject
Project("{2150E333-8FDC-42A3-9474-1A3956D46DE8}") = "Editor", "Editor", "{57ABA6C8-FFEE-4A40-94ED-171320DC2224}"
EndProject
Project("{8BC9CEB8-8B4A-11D0-8D11-00A0C91BC942}") = "LevelEditor", "Editor\ImGui\ImGui.vcxproj", "{06EE6F8E-6E75-4384-A420-F9F06694ECAA}"
	ProjectSection(ProjectDependencies) = postProject
		{082DCDAB-ADEF-423B-96CE-92BA204FE54D} = {082DCDAB-ADEF-423B-96CE-92BA204FE54D}
	EndProjectSection
EndProject
Project("{2150E333-8FDC-42A3-9474-1A3956D46DE8}") = "Scripting", "Scripting", "{60274813-47C5-491A-9587-B051A6F0CF7A}"
EndProject
Project("{8BC9CEB8-8B4A-11D0-8D11-00A0C91BC942}") = "ScriptingAPI", "Scripting\ScriptingAPI\ScriptingAPI.vcxproj", "{1B5BA829-71A8-4CA8-9A43-8A33697E45D9}"
	ProjectSection(ProjectDependencies) = postProject
		{E79B9515-8A42-4AA1-B5D7-71D599BD5B43} = {E79B9515-8A42-4AA1-B5D7-71D599BD5B43}
	EndProjectSection
EndProject
Project("{9A19103F-16F7-4668-BE54-9A1E7A4F7556}") = "ManagedScript", "Scripting\ManagedScript\ManagedScript.csproj", "{B0E17EDA-1A3B-4185-9200-0B876DCC2870}"
EndProject
Global
	GlobalSection(SolutionConfigurationPlatforms) = preSolution
		Debug|Any CPU = Debug|Any CPU
		Debug|x64 = Debug|x64
		Debug|x86 = Debug|x86
		EditorDebug|Any CPU = EditorDebug|Any CPU
		EditorDebug|x64 = EditorDebug|x64
		EditorDebug|x86 = EditorDebug|x86
		EditorRelease|Any CPU = EditorRelease|Any CPU
		EditorRelease|x64 = EditorRelease|x64
		EditorRelease|x86 = EditorRelease|x86
		Release|Any CPU = Release|Any CPU
		Release|x64 = Release|x64
		Release|x86 = Release|x86
	EndGlobalSection
	GlobalSection(ProjectConfigurationPlatforms) = postSolution
		{082DCDAB-ADEF-423B-96CE-92BA204FE54D}.Debug|Any CPU.ActiveCfg = Debug|x64
		{082DCDAB-ADEF-423B-96CE-92BA204FE54D}.Debug|Any CPU.Build.0 = Debug|x64
		{082DCDAB-ADEF-423B-96CE-92BA204FE54D}.Debug|x64.ActiveCfg = Debug|x64
		{082DCDAB-ADEF-423B-96CE-92BA204FE54D}.Debug|x64.Build.0 = Debug|x64
		{082DCDAB-ADEF-423B-96CE-92BA204FE54D}.Debug|x86.ActiveCfg = Debug|Win32
		{082DCDAB-ADEF-423B-96CE-92BA204FE54D}.Debug|x86.Build.0 = Debug|Win32
		{082DCDAB-ADEF-423B-96CE-92BA204FE54D}.EditorDebug|Any CPU.ActiveCfg = EditorDebug|x64
		{082DCDAB-ADEF-423B-96CE-92BA204FE54D}.EditorDebug|Any CPU.Build.0 = EditorDebug|x64
		{082DCDAB-ADEF-423B-96CE-92BA204FE54D}.EditorDebug|x64.ActiveCfg = EditorDebug|x64
		{082DCDAB-ADEF-423B-96CE-92BA204FE54D}.EditorDebug|x64.Build.0 = EditorDebug|x64
		{082DCDAB-ADEF-423B-96CE-92BA204FE54D}.EditorDebug|x86.ActiveCfg = EditorDebug|Win32
		{082DCDAB-ADEF-423B-96CE-92BA204FE54D}.EditorDebug|x86.Build.0 = EditorDebug|Win32
		{082DCDAB-ADEF-423B-96CE-92BA204FE54D}.EditorRelease|Any CPU.ActiveCfg = EditorRelease|x64
		{082DCDAB-ADEF-423B-96CE-92BA204FE54D}.EditorRelease|Any CPU.Build.0 = EditorRelease|x64
		{082DCDAB-ADEF-423B-96CE-92BA204FE54D}.EditorRelease|x64.ActiveCfg = EditorRelease|x64
		{082DCDAB-ADEF-423B-96CE-92BA204FE54D}.EditorRelease|x64.Build.0 = EditorRelease|x64
		{082DCDAB-ADEF-423B-96CE-92BA204FE54D}.EditorRelease|x86.ActiveCfg = EditorRelease|Win32
		{082DCDAB-ADEF-423B-96CE-92BA204FE54D}.EditorRelease|x86.Build.0 = EditorRelease|Win32
		{082DCDAB-ADEF-423B-96CE-92BA204FE54D}.Release|Any CPU.ActiveCfg = Release|x64
		{082DCDAB-ADEF-423B-96CE-92BA204FE54D}.Release|Any CPU.Build.0 = Release|x64
		{082DCDAB-ADEF-423B-96CE-92BA204FE54D}.Release|x64.ActiveCfg = Release|x64
		{082DCDAB-ADEF-423B-96CE-92BA204FE54D}.Release|x64.Build.0 = Release|x64
		{082DCDAB-ADEF-423B-96CE-92BA204FE54D}.Release|x86.ActiveCfg = Release|Win32
		{082DCDAB-ADEF-423B-96CE-92BA204FE54D}.Release|x86.Build.0 = Release|Win32
		{E79B9515-8A42-4AA1-B5D7-71D599BD5B43}.Debug|Any CPU.ActiveCfg = Debug|x64
		{E79B9515-8A42-4AA1-B5D7-71D599BD5B43}.Debug|Any CPU.Build.0 = Debug|x64
		{E79B9515-8A42-4AA1-B5D7-71D599BD5B43}.Debug|x64.ActiveCfg = Debug|x64
		{E79B9515-8A42-4AA1-B5D7-71D599BD5B43}.Debug|x64.Build.0 = Debug|x64
		{E79B9515-8A42-4AA1-B5D7-71D599BD5B43}.Debug|x86.ActiveCfg = Debug|x64
		{E79B9515-8A42-4AA1-B5D7-71D599BD5B43}.Debug|x86.Build.0 = Debug|x64
		{E79B9515-8A42-4AA1-B5D7-71D599BD5B43}.EditorDebug|Any CPU.ActiveCfg = EditorDebug|x64
		{E79B9515-8A42-4AA1-B5D7-71D599BD5B43}.EditorDebug|Any CPU.Build.0 = EditorDebug|x64
		{E79B9515-8A42-4AA1-B5D7-71D599BD5B43}.EditorDebug|x64.ActiveCfg = EditorDebug|x64
		{E79B9515-8A42-4AA1-B5D7-71D599BD5B43}.EditorDebug|x64.Build.0 = EditorDebug|x64
		{E79B9515-8A42-4AA1-B5D7-71D599BD5B43}.EditorDebug|x86.ActiveCfg = EditorDebug|x64
		{E79B9515-8A42-4AA1-B5D7-71D599BD5B43}.EditorRelease|Any CPU.ActiveCfg = EditorDebug|x64
		{E79B9515-8A42-4AA1-B5D7-71D599BD5B43}.EditorRelease|x64.ActiveCfg = EditorRelease|x64
		{E79B9515-8A42-4AA1-B5D7-71D599BD5B43}.EditorRelease|x64.Build.0 = EditorRelease|x64
		{E79B9515-8A42-4AA1-B5D7-71D599BD5B43}.EditorRelease|x86.ActiveCfg = EditorDebug|x64
		{E79B9515-8A42-4AA1-B5D7-71D599BD5B43}.Release|Any CPU.ActiveCfg = Release|x64
		{E79B9515-8A42-4AA1-B5D7-71D599BD5B43}.Release|Any CPU.Build.0 = Release|x64
		{E79B9515-8A42-4AA1-B5D7-71D599BD5B43}.Release|x64.ActiveCfg = Release|x64
		{E79B9515-8A42-4AA1-B5D7-71D599BD5B43}.Release|x64.Build.0 = Release|x64
		{E79B9515-8A42-4AA1-B5D7-71D599BD5B43}.Release|x86.ActiveCfg = Release|x64
		{E79B9515-8A42-4AA1-B5D7-71D599BD5B43}.Release|x86.Build.0 = Release|x64
		{06EE6F8E-6E75-4384-A420-F9F06694ECAA}.Debug|Any CPU.ActiveCfg = Debug|x64
		{06EE6F8E-6E75-4384-A420-F9F06694ECAA}.Debug|x64.ActiveCfg = Debug|x64
		{06EE6F8E-6E75-4384-A420-F9F06694ECAA}.Debug|x64.Build.0 = Debug|x64
		{06EE6F8E-6E75-4384-A420-F9F06694ECAA}.Debug|x86.ActiveCfg = Debug|Win32
		{06EE6F8E-6E75-4384-A420-F9F06694ECAA}.Debug|x86.Build.0 = Debug|Win32
		{06EE6F8E-6E75-4384-A420-F9F06694ECAA}.EditorDebug|Any CPU.ActiveCfg = EditorDebug|x64
		{06EE6F8E-6E75-4384-A420-F9F06694ECAA}.EditorDebug|x64.ActiveCfg = EditorDebug|x64
		{06EE6F8E-6E75-4384-A420-F9F06694ECAA}.EditorDebug|x64.Build.0 = EditorDebug|x64
		{06EE6F8E-6E75-4384-A420-F9F06694ECAA}.EditorDebug|x86.ActiveCfg = EditorDebug|Win32
		{06EE6F8E-6E75-4384-A420-F9F06694ECAA}.EditorRelease|Any CPU.ActiveCfg = EditorRelease|x64
		{06EE6F8E-6E75-4384-A420-F9F06694ECAA}.EditorRelease|x64.ActiveCfg = EditorRelease|x64
		{06EE6F8E-6E75-4384-A420-F9F06694ECAA}.EditorRelease|x64.Build.0 = EditorRelease|x64
		{06EE6F8E-6E75-4384-A420-F9F06694ECAA}.EditorRelease|x86.ActiveCfg = EditorRelease|Win32
		{06EE6F8E-6E75-4384-A420-F9F06694ECAA}.Release|Any CPU.ActiveCfg = Release|x64
		{06EE6F8E-6E75-4384-A420-F9F06694ECAA}.Release|x64.ActiveCfg = Release|x64
		{06EE6F8E-6E75-4384-A420-F9F06694ECAA}.Release|x64.Build.0 = Release|x64
		{06EE6F8E-6E75-4384-A420-F9F06694ECAA}.Release|x86.ActiveCfg = Release|Win32
		{06EE6F8E-6E75-4384-A420-F9F06694ECAA}.Release|x86.Build.0 = Release|Win32
		{1B5BA829-71A8-4CA8-9A43-8A33697E45D9}.Debug|Any CPU.ActiveCfg = Debug|x64
		{1B5BA829-71A8-4CA8-9A43-8A33697E45D9}.Debug|Any CPU.Build.0 = Debug|x64
		{1B5BA829-71A8-4CA8-9A43-8A33697E45D9}.Debug|x64.ActiveCfg = Debug|x64
		{1B5BA829-71A8-4CA8-9A43-8A33697E45D9}.Debug|x64.Build.0 = Debug|x64
		{1B5BA829-71A8-4CA8-9A43-8A33697E45D9}.Debug|x86.ActiveCfg = Debug|x64
		{1B5BA829-71A8-4CA8-9A43-8A33697E45D9}.Debug|x86.Build.0 = Debug|x64
		{1B5BA829-71A8-4CA8-9A43-8A33697E45D9}.EditorDebug|Any CPU.ActiveCfg = Debug|x64
		{1B5BA829-71A8-4CA8-9A43-8A33697E45D9}.EditorDebug|Any CPU.Build.0 = Debug|x64
		{1B5BA829-71A8-4CA8-9A43-8A33697E45D9}.EditorDebug|x64.ActiveCfg = Debug|x64
		{1B5BA829-71A8-4CA8-9A43-8A33697E45D9}.EditorDebug|x64.Build.0 = Debug|x64
		{1B5BA829-71A8-4CA8-9A43-8A33697E45D9}.EditorDebug|x86.ActiveCfg = Debug|x64
		{1B5BA829-71A8-4CA8-9A43-8A33697E45D9}.EditorDebug|x86.Build.0 = Debug|x64
		{1B5BA829-71A8-4CA8-9A43-8A33697E45D9}.EditorRelease|Any CPU.ActiveCfg = Release|x64
		{1B5BA829-71A8-4CA8-9A43-8A33697E45D9}.EditorRelease|Any CPU.Build.0 = Release|x64
		{1B5BA829-71A8-4CA8-9A43-8A33697E45D9}.EditorRelease|x64.ActiveCfg = Release|x64
		{1B5BA829-71A8-4CA8-9A43-8A33697E45D9}.EditorRelease|x64.Build.0 = Release|x64
		{1B5BA829-71A8-4CA8-9A43-8A33697E45D9}.EditorRelease|x86.ActiveCfg = Release|x64
		{1B5BA829-71A8-4CA8-9A43-8A33697E45D9}.EditorRelease|x86.Build.0 = Release|x64
		{1B5BA829-71A8-4CA8-9A43-8A33697E45D9}.Release|Any CPU.ActiveCfg = Release|x64
		{1B5BA829-71A8-4CA8-9A43-8A33697E45D9}.Release|Any CPU.Build.0 = Release|x64
		{1B5BA829-71A8-4CA8-9A43-8A33697E45D9}.Release|x64.ActiveCfg = Release|x64
		{1B5BA829-71A8-4CA8-9A43-8A33697E45D9}.Release|x64.Build.0 = Release|x64
		{1B5BA829-71A8-4CA8-9A43-8A33697E45D9}.Release|x86.ActiveCfg = Release|x64
		{1B5BA829-71A8-4CA8-9A43-8A33697E45D9}.Release|x86.Build.0 = Release|x64
		{B0E17EDA-1A3B-4185-9200-0B876DCC2870}.Debug|Any CPU.ActiveCfg = Debug|Any CPU
		{B0E17EDA-1A3B-4185-9200-0B876DCC2870}.Debug|Any CPU.Build.0 = Debug|Any CPU
		{B0E17EDA-1A3B-4185-9200-0B876DCC2870}.Debug|x64.ActiveCfg = Debug|x64
		{B0E17EDA-1A3B-4185-9200-0B876DCC2870}.Debug|x64.Build.0 = Debug|x64
		{B0E17EDA-1A3B-4185-9200-0B876DCC2870}.Debug|x86.ActiveCfg = Debug|Any CPU
		{B0E17EDA-1A3B-4185-9200-0B876DCC2870}.Debug|x86.Build.0 = Debug|Any CPU
		{B0E17EDA-1A3B-4185-9200-0B876DCC2870}.EditorDebug|Any CPU.ActiveCfg = Debug|Any CPU
		{B0E17EDA-1A3B-4185-9200-0B876DCC2870}.EditorDebug|Any CPU.Build.0 = Debug|Any CPU
		{B0E17EDA-1A3B-4185-9200-0B876DCC2870}.EditorDebug|x64.ActiveCfg = Debug|x64
		{B0E17EDA-1A3B-4185-9200-0B876DCC2870}.EditorDebug|x64.Build.0 = Debug|x64
		{B0E17EDA-1A3B-4185-9200-0B876DCC2870}.EditorDebug|x86.ActiveCfg = Debug|Any CPU
		{B0E17EDA-1A3B-4185-9200-0B876DCC2870}.EditorDebug|x86.Build.0 = Debug|Any CPU
		{B0E17EDA-1A3B-4185-9200-0B876DCC2870}.EditorRelease|Any CPU.ActiveCfg = Release|Any CPU
		{B0E17EDA-1A3B-4185-9200-0B876DCC2870}.EditorRelease|Any CPU.Build.0 = Release|Any CPU
		{B0E17EDA-1A3B-4185-9200-0B876DCC2870}.EditorRelease|x64.ActiveCfg = Release|x64
		{B0E17EDA-1A3B-4185-9200-0B876DCC2870}.EditorRelease|x64.Build.0 = Release|x64
		{B0E17EDA-1A3B-4185-9200-0B876DCC2870}.EditorRelease|x86.ActiveCfg = Release|Any CPU
		{B0E17EDA-1A3B-4185-9200-0B876DCC2870}.EditorRelease|x86.Build.0 = Release|Any CPU
		{B0E17EDA-1A3B-4185-9200-0B876DCC2870}.Release|Any CPU.ActiveCfg = Release|Any CPU
		{B0E17EDA-1A3B-4185-9200-0B876DCC2870}.Release|Any CPU.Build.0 = Release|Any CPU
		{B0E17EDA-1A3B-4185-9200-0B876DCC2870}.Release|x64.ActiveCfg = Release|x64
		{B0E17EDA-1A3B-4185-9200-0B876DCC2870}.Release|x64.Build.0 = Release|x64
		{B0E17EDA-1A3B-4185-9200-0B876DCC2870}.Release|x86.ActiveCfg = Release|Any CPU
		{B0E17EDA-1A3B-4185-9200-0B876DCC2870}.Release|x86.Build.0 = Release|Any CPU
	EndGlobalSection
	GlobalSection(SolutionProperties) = preSolution
		HideSolutionNode = FALSE
	EndGlobalSection
	GlobalSection(NestedProjects) = preSolution
		{082DCDAB-ADEF-423B-96CE-92BA204FE54D} = {387AF271-891E-48CF-BC86-ABAF8563FE44}
		{E79B9515-8A42-4AA1-B5D7-71D599BD5B43} = {EA961C89-4BFA-4A83-96B2-1767F7715B05}
		{06EE6F8E-6E75-4384-A420-F9F06694ECAA} = {57ABA6C8-FFEE-4A40-94ED-171320DC2224}
		{1B5BA829-71A8-4CA8-9A43-8A33697E45D9} = {60274813-47C5-491A-9587-B051A6F0CF7A}
		{B0E17EDA-1A3B-4185-9200-0B876DCC2870} = {60274813-47C5-491A-9587-B051A6F0CF7A}
	EndGlobalSection
	GlobalSection(ExtensibilityGlobals) = postSolution
		SolutionGuid = {CDC57599-E98B-427B-9CDB-6DC67E086B4F}
	EndGlobalSection
EndGlobal
