<?xml version="1.0" encoding="utf-8"?>
<Project ToolsVersion="4.0" xmlns="http://schemas.microsoft.com/developer/msbuild/2003">
  <ItemGroup>
    <ClCompile Include="..\main.cpp" />
    <ClCompile Include="..\src\MaxLoadScene.cpp">
      <Filter>src\Scenes\TestingScenes</Filter>
    </ClCompile>
    <ClCompile Include="..\src\SpriteMovementScene.cpp">
      <Filter>src\Scenes\TestingScenes</Filter>
    </ClCompile>
    <ClCompile Include="..\src\GameManager.cpp">
      <Filter>src\Managers</Filter>
    </ClCompile>
    <ClCompile Include="..\src\RoamingLogic.cpp">
      <Filter>src\Objects</Filter>
    </ClCompile>
    <ClCompile Include="..\src\MessagingSystem.cpp">
      <Filter>src\Managers</Filter>
    </ClCompile>
    <ClCompile Include="..\src\MainMenu.cpp">
      <Filter>src\Scenes</Filter>
    </ClCompile>
    <ClCompile Include="..\src\MovementLogic.cpp">
      <Filter>src\Logic</Filter>
    </ClCompile>
    <ClCompile Include="..\src\GameScene.cpp">
      <Filter>src\Scenes</Filter>
    </ClCompile>
    <ClCompile Include="..\src\PlayerLogic.cpp">
      <Filter>src\Logic</Filter>
    </ClCompile>
    <ClCompile Include="..\src\HoldingLogic.cpp">
      <Filter>src\Logic</Filter>
    </ClCompile>
    <ClCompile Include="..\src\TableLogic.cpp">
      <Filter>src\Logic</Filter>
    </ClCompile>
    <ClCompile Include="..\src\ChopBoardLogic.cpp">
      <Filter>src\Logic</Filter>
    </ClCompile>
    <ClCompile Include="..\src\PanLogic.cpp">
      <Filter>src\Logic</Filter>
    </ClCompile>
    <ClCompile Include="..\src\EndGame.cpp">
      <Filter>src\Scenes</Filter>
    </ClCompile>
    <ClCompile Include="..\src\CombineLogic.cpp">
      <Filter>src\Logic</Filter>
    </ClCompile>
    <ClCompile Include="..\src\SubmitLogic.cpp">
      <Filter>src\Logic</Filter>
    </ClCompile>
    <ClCompile Include="..\src\RestockLogic.cpp">
      <Filter>src\Logic</Filter>
    </ClCompile>
  </ItemGroup>
  <ItemGroup>
    <Filter Include="include">
      <UniqueIdentifier>{02fa9a89-8e2b-4e2c-8a3f-9e9f654887ba}</UniqueIdentifier>
    </Filter>
    <Filter Include="src">
      <UniqueIdentifier>{92b81325-9f74-4e4c-a85f-6d4c88099163}</UniqueIdentifier>
    </Filter>
    <Filter Include="include\Scenes">
      <UniqueIdentifier>{dd0ad88e-435e-430a-ad28-47a0cc8f3fe0}</UniqueIdentifier>
    </Filter>
    <Filter Include="src\Scenes">
      <UniqueIdentifier>{c8b17bd0-e028-4998-8146-e5960c0ba1e2}</UniqueIdentifier>
    </Filter>
    <Filter Include="include\Scenes\TestingScenes">
      <UniqueIdentifier>{bcc7c01d-21b7-4ce6-b0ae-bbda61c96d45}</UniqueIdentifier>
    </Filter>
    <Filter Include="src\Scenes\TestingScenes">
      <UniqueIdentifier>{5d4e1433-c924-48e1-b2b2-7a555d588421}</UniqueIdentifier>
    </Filter>
    <Filter Include="src\Managers">
      <UniqueIdentifier>{da528be2-84c4-48d6-82c1-f679929a0bb3}</UniqueIdentifier>
    </Filter>
    <Filter Include="include\Managers">
      <UniqueIdentifier>{106e0aec-992c-4a3c-8b4d-8524e63ed477}</UniqueIdentifier>
    </Filter>
    <Filter Include="include\Objects">
      <UniqueIdentifier>{959664c8-71e8-46e9-9ebc-96c19fb55e40}</UniqueIdentifier>
    </Filter>
    <Filter Include="src\Objects">
      <UniqueIdentifier>{d6a0691e-4b9d-4176-89dd-e9dbc0b69b47}</UniqueIdentifier>
    </Filter>
    <Filter Include="include\Logic">
      <UniqueIdentifier>{bd5f92ce-558f-40ea-b32c-9960b3f03995}</UniqueIdentifier>
    </Filter>
    <Filter Include="src\Logic">
      <UniqueIdentifier>{a773759f-e0a6-4bcb-bf91-0dd451495bed}</UniqueIdentifier>
    </Filter>
    <Filter Include="include\Logic\Ingredient">
      <UniqueIdentifier>{68042585-030c-4081-a3a2-b0228557d11d}</UniqueIdentifier>
    </Filter>
  </ItemGroup>
  <ItemGroup>
    <ClInclude Include="..\include\MaxLoadScene.h">
      <Filter>include\Scenes\TestingScenes</Filter>
    </ClInclude>
    <ClInclude Include="..\include\SpriteMovementScene.h">
      <Filter>include\Scenes\TestingScenes</Filter>
    </ClInclude>
    <ClInclude Include="..\include\GameManager.h">
      <Filter>include\Managers</Filter>
    </ClInclude>
    <ClInclude Include="..\include\RoamingLogic.h">
      <Filter>include\Objects</Filter>
    </ClInclude>
    <ClInclude Include="..\include\MessagingSystem.h">
      <Filter>include\Managers</Filter>
    </ClInclude>
    <ClInclude Include="..\include\GameScene.h">
      <Filter>include\Scenes</Filter>
    </ClInclude>
    <ClInclude Include="..\include\MainMenu.h">
      <Filter>include\Scenes</Filter>
    </ClInclude>
    <ClInclude Include="..\include\MovementLogic.h">
      <Filter>include\Logic</Filter>
    </ClInclude>
    <ClInclude Include="..\include\HoldingLogic.h">
      <Filter>include\Logic</Filter>
    </ClInclude>
    <ClInclude Include="..\include\PlayerLogic.h">
      <Filter>include\Logic</Filter>
    </ClInclude>
    <ClInclude Include="..\include\BunStockLogic.h">
      <Filter>include\Logic\Ingredient</Filter>
    </ClInclude>
    <ClInclude Include="..\include\StockLogic.h">
      <Filter>include\Logic\Ingredient</Filter>
    </ClInclude>
    <ClInclude Include="..\include\SteakStockLogic.h">
      <Filter>include\Logic\Ingredient</Filter>
    </ClInclude>
    <ClInclude Include="..\include\LettuceStockLogic.h">
      <Filter>include\Logic\Ingredient</Filter>
    </ClInclude>
    <ClInclude Include="..\include\CheeseStockLogic.h">
      <Filter>include\Logic\Ingredient</Filter>
    </ClInclude>
    <ClInclude Include="..\include\MushroomStockLogic.h">
      <Filter>include\Logic\Ingredient</Filter>
    </ClInclude>
    <ClInclude Include="..\include\ShrimpStockLogic.h">
      <Filter>include\Logic\Ingredient</Filter>
    </ClInclude>
    <ClInclude Include="..\include\TomatoStockLogic.h">
      <Filter>include\Logic\Ingredient</Filter>
    </ClInclude>
    <ClInclude Include="..\include\BinLogic.h">
      <Filter>include\Logic\Ingredient</Filter>
    </ClInclude>
    <ClInclude Include="..\include\TableLogic.h">
      <Filter>include\Logic</Filter>
    </ClInclude>
    <ClInclude Include="..\include\PanLogic.h">
      <Filter>include\Logic</Filter>
    </ClInclude>
    <ClInclude Include="..\include\ChopBoardLogic.h">
      <Filter>include\Logic</Filter>
    </ClInclude>
    <ClInclude Include="..\include\EndGame.h">
      <Filter>include\Scenes</Filter>
    </ClInclude>
    <ClInclude Include="..\include\CombineLogic.h">
      <Filter>include\Logic</Filter>
    </ClInclude>
    <ClInclude Include="..\include\IngredientType.h">
      <Filter>include\Logic</Filter>
    </ClInclude>
    <ClInclude Include="..\include\GreyPlateStockLogic.h">
      <Filter>include\Logic\Ingredient</Filter>
    </ClInclude>
    <ClInclude Include="..\include\WhitePlateStockLogic.h">
      <Filter>include\Logic\Ingredient</Filter>
    </ClInclude>
    <ClInclude Include="..\include\RestockLogic.h">
      <Filter>include\Logic</Filter>
    </ClInclude>
    <ClInclude Include="..\include\SubmitLogic.h">
      <Filter>include\Logic</Filter>
    </ClInclude>
  </ItemGroup>
</Project>