<?xml version="1.0" encoding="utf-8"?>
<Project ToolsVersion="4.0" xmlns="http://schemas.microsoft.com/developer/msbuild/2003">
  <ItemGroup>
    <ClCompile Include="..\main.cpp" />
    <ClCompile Include="..\src\GameManager.cpp">
      <Filter>src\Managers</Filter>
    </ClCompile>
    <ClCompile Include="..\src\RoamingLogic.cpp">
      <Filter>src\Objects</Filter>
    </ClCompile>
    <ClCompile Include="..\src\MessagingSystem.cpp">
      <Filter>src\Managers</Filter>
    </ClCompile>
    <ClCompile Include="..\src\MainMenu.cpp">
      <Filter>src\Scenes</Filter>
    </ClCompile>
    <ClCompile Include="..\src\Level1.cpp">
      <Filter>src\Scenes</Filter>
    </ClCompile>
    <ClCompile Include="..\src\EndGame.cpp">
      <Filter>src\Scenes</Filter>
    </ClCompile>
    <ClCompile Include="..\src\HowToPlay.cpp">
      <Filter>src\Scenes</Filter>
    </ClCompile>
    <ClCompile Include="..\src\PlayerLogic.cpp">
      <Filter>src\Logic\Game\Player</Filter>
    </ClCompile>
    <ClCompile Include="..\src\CustomerLogic.cpp">
      <Filter>src\Logic\Game\Customer</Filter>
    </ClCompile>
    <ClCompile Include="..\src\CustomerIdleState.cpp">
      <Filter>src\Logic\Game\Customer\States</Filter>
    </ClCompile>
    <ClCompile Include="..\src\CustomerWalkState.cpp">
      <Filter>src\Logic\Game\Customer\States</Filter>
    </ClCompile>
    <ClCompile Include="..\src\Level0.cpp">
      <Filter>src\Scenes</Filter>
    </ClCompile>
    <ClCompile Include="..\src\CutSceneLogic.cpp">
      <Filter>src\Logic\Game</Filter>
    </ClCompile>
    <ClCompile Include="..\src\LevelSelectScreenLogic.cpp">
      <Filter>src\Logic\MainMenu</Filter>
    </ClCompile>
    <ClCompile Include="..\src\CustomerWaitingOrderState.cpp">
      <Filter>src\Logic\Game\Customer\States</Filter>
    </ClCompile>
    <ClCompile Include="..\src\OrderTabLogic.cpp">
      <Filter>src\Logic\Game\UI</Filter>
    </ClCompile>
    <ClCompile Include="..\src\HowToPlayLogic.cpp">
      <Filter>src\Logic\MainMenu</Filter>
    </ClCompile>
    <ClCompile Include="..\src\PauseMenuLogic.cpp">
      <Filter>src\Logic\Game\UI</Filter>
    </ClCompile>
    <ClCompile Include="..\src\HoldingLogic.cpp">
      <Filter>src\Logic\Game\Player</Filter>
    </ClCompile>
    <ClCompile Include="..\src\MovementLogic.cpp">
      <Filter>src\Logic\Game\Player</Filter>
    </ClCompile>
    <ClCompile Include="..\src\ChopBoardLogic.cpp">
      <Filter>src\Logic\Game\Station</Filter>
    </ClCompile>
    <ClCompile Include="..\src\CombineLogic.cpp">
      <Filter>src\Logic\Game\Ingredient</Filter>
    </ClCompile>
    <ClCompile Include="..\src\ScoreLogic.cpp">
      <Filter>src\Logic\Game\UI</Filter>
    </ClCompile>
    <ClCompile Include="..\src\TableLogic.cpp">
      <Filter>src\Logic\Game\Station</Filter>
    </ClCompile>
    <ClCompile Include="..\src\StoveLogic.cpp">
      <Filter>src\Logic\Game\Station</Filter>
    </ClCompile>
    <ClCompile Include="..\src\RestockLogic.cpp">
      <Filter>src\Logic\Game\Restock</Filter>
    </ClCompile>
    <ClCompile Include="..\src\RobotLogic.cpp">
      <Filter>src\Logic\Game\Restock</Filter>
    </ClCompile>
    <ClCompile Include="..\src\SubmitLogic.cpp">
      <Filter>src\Logic\Game\Station</Filter>
    </ClCompile>
    <ClCompile Include="..\src\UISliderLogic.cpp">
      <Filter>src\Logic\Game\UI</Filter>
    </ClCompile>
    <ClCompile Include="..\src\GameSettingsLogic.cpp">
      <Filter>src\Logic\Game\UI</Filter>
    </ClCompile>
    <ClCompile Include="..\src\CustomerStateManager.cpp">
      <Filter>src\Logic\Game\Customer</Filter>
    </ClCompile>
    <ClCompile Include="..\src\MiniGameLogic.cpp">
      <Filter>src\Logic\Game</Filter>
    </ClCompile>
    <ClCompile Include="..\src\GameLoopLogic.cpp">
      <Filter>src\Logic\Game</Filter>
    </ClCompile>
    <ClCompile Include="..\src\Level15.cpp">
      <Filter>src\Scenes</Filter>
    </ClCompile>
    <ClCompile Include="..\src\Level2.cpp">
      <Filter>src\Scenes</Filter>
    </ClCompile>
    <ClCompile Include="..\src\Level3.cpp">
      <Filter>src\Scenes</Filter>
    </ClCompile>
    <ClCompile Include="..\src\Level25.cpp">
      <Filter>src\Scenes</Filter>
    </ClCompile>
    <ClCompile Include="..\src\Level35.cpp">
      <Filter>src\Scenes</Filter>
    </ClCompile>
    <ClCompile Include="..\src\PotLogic.cpp">
      <Filter>src\Logic\Game\Station</Filter>
    </ClCompile>
    <ClCompile Include="..\src\SliderLogic.cpp">
      <Filter>src\Logic\Game\Station</Filter>
    </ClCompile>
    <ClCompile Include="..\src\HighlightLogic.cpp">
      <Filter>src\Logic\Game\Station</Filter>
    </ClCompile>
    <ClCompile Include="..\src\SaveLoadManager.cpp">
      <Filter>src\Managers</Filter>
    </ClCompile>
  </ItemGroup>
  <ItemGroup>
    <Filter Include="include">
      <UniqueIdentifier>{02fa9a89-8e2b-4e2c-8a3f-9e9f654887ba}</UniqueIdentifier>
    </Filter>
    <Filter Include="src">
      <UniqueIdentifier>{92b81325-9f74-4e4c-a85f-6d4c88099163}</UniqueIdentifier>
    </Filter>
    <Filter Include="include\Scenes">
      <UniqueIdentifier>{dd0ad88e-435e-430a-ad28-47a0cc8f3fe0}</UniqueIdentifier>
    </Filter>
    <Filter Include="src\Scenes">
      <UniqueIdentifier>{c8b17bd0-e028-4998-8146-e5960c0ba1e2}</UniqueIdentifier>
    </Filter>
    <Filter Include="src\Managers">
      <UniqueIdentifier>{da528be2-84c4-48d6-82c1-f679929a0bb3}</UniqueIdentifier>
    </Filter>
    <Filter Include="include\Managers">
      <UniqueIdentifier>{106e0aec-992c-4a3c-8b4d-8524e63ed477}</UniqueIdentifier>
    </Filter>
    <Filter Include="include\Objects">
      <UniqueIdentifier>{959664c8-71e8-46e9-9ebc-96c19fb55e40}</UniqueIdentifier>
    </Filter>
    <Filter Include="src\Objects">
      <UniqueIdentifier>{d6a0691e-4b9d-4176-89dd-e9dbc0b69b47}</UniqueIdentifier>
    </Filter>
    <Filter Include="include\Logic">
      <UniqueIdentifier>{bd5f92ce-558f-40ea-b32c-9960b3f03995}</UniqueIdentifier>
    </Filter>
    <Filter Include="src\Logic">
      <UniqueIdentifier>{a773759f-e0a6-4bcb-bf91-0dd451495bed}</UniqueIdentifier>
    </Filter>
    <Filter Include="src\Logic\Game">
      <UniqueIdentifier>{17b84ad8-4e22-49f0-93e7-617ff0768dd7}</UniqueIdentifier>
    </Filter>
    <Filter Include="src\Logic\Game\Customer">
      <UniqueIdentifier>{432fc508-a376-453f-bee8-abbc48a55a93}</UniqueIdentifier>
    </Filter>
    <Filter Include="src\Logic\Game\Customer\States">
      <UniqueIdentifier>{43259d04-ec65-4b48-ac1e-a01dde4a0ff3}</UniqueIdentifier>
    </Filter>
    <Filter Include="src\Logic\Game\Player">
      <UniqueIdentifier>{7a682da8-f311-4db9-af4c-4ea0438ac056}</UniqueIdentifier>
    </Filter>
    <Filter Include="include\Logic\Game">
      <UniqueIdentifier>{28696440-6e00-4918-a716-8a9086aa76e9}</UniqueIdentifier>
    </Filter>
    <Filter Include="include\Logic\Game\Ingredient">
      <UniqueIdentifier>{68042585-030c-4081-a3a2-b0228557d11d}</UniqueIdentifier>
    </Filter>
    <Filter Include="include\Logic\Game\Customer">
      <UniqueIdentifier>{77345834-3b8f-44de-84be-6730498ed360}</UniqueIdentifier>
    </Filter>
    <Filter Include="include\Logic\Game\Customer\States">
      <UniqueIdentifier>{e153a915-c1f6-4d5e-980d-3a7874a59ca0}</UniqueIdentifier>
    </Filter>
    <Filter Include="include\Logic\Game\Player">
      <UniqueIdentifier>{b4fca658-7954-4685-9363-0e1a78178e33}</UniqueIdentifier>
    </Filter>
    <Filter Include="include\Logic\MainMenu">
      <UniqueIdentifier>{3a5e81d6-aede-41a6-a557-7ab69683594d}</UniqueIdentifier>
    </Filter>
    <Filter Include="src\Logic\MainMenu">
      <UniqueIdentifier>{3d7f87bf-2892-4243-9df3-41f1ce04ecda}</UniqueIdentifier>
    </Filter>
    <Filter Include="src\Logic\Game\UI">
      <UniqueIdentifier>{875c2d34-c8a5-4e78-b6d9-3843844bee5a}</UniqueIdentifier>
    </Filter>
    <Filter Include="include\Logic\Game\UI">
      <UniqueIdentifier>{ae8864fa-b379-46e1-b9ab-fe371b9c0ced}</UniqueIdentifier>
    </Filter>
    <Filter Include="include\Logic\Game\Station">
      <UniqueIdentifier>{6022d8ed-c568-488c-9de0-c6651ac0383f}</UniqueIdentifier>
    </Filter>
    <Filter Include="src\Logic\Game\Station">
      <UniqueIdentifier>{60f8b87b-af02-4a1d-8f88-f5a6490938a8}</UniqueIdentifier>
    </Filter>
    <Filter Include="src\Logic\Game\Ingredient">
      <UniqueIdentifier>{aa06d2f9-09cf-4682-a1eb-24394b803536}</UniqueIdentifier>
    </Filter>
    <Filter Include="include\Logic\Game\Restock">
      <UniqueIdentifier>{9f6729d2-c39e-42a8-b67b-0e9be9ab580e}</UniqueIdentifier>
    </Filter>
    <Filter Include="src\Logic\Game\Restock">
      <UniqueIdentifier>{7461eda7-fe07-4c3c-a213-7a0df6d1366c}</UniqueIdentifier>
    </Filter>
  </ItemGroup>
  <ItemGroup>
    <ClInclude Include="..\include\GameManager.h">
      <Filter>include\Managers</Filter>
    </ClInclude>
    <ClInclude Include="..\include\RoamingLogic.h">
      <Filter>include\Objects</Filter>
    </ClInclude>
    <ClInclude Include="..\include\MessagingSystem.h">
      <Filter>include\Managers</Filter>
    </ClInclude>
    <ClInclude Include="..\include\Level1.h">
      <Filter>include\Scenes</Filter>
    </ClInclude>
    <ClInclude Include="..\include\MainMenu.h">
      <Filter>include\Scenes</Filter>
    </ClInclude>
    <ClInclude Include="..\include\BunStockLogic.h">
      <Filter>include\Logic\Game\Ingredient</Filter>
    </ClInclude>
    <ClInclude Include="..\include\StockLogic.h">
      <Filter>include\Logic\Game\Ingredient</Filter>
    </ClInclude>
    <ClInclude Include="..\include\SteakStockLogic.h">
      <Filter>include\Logic\Game\Ingredient</Filter>
    </ClInclude>
    <ClInclude Include="..\include\LettuceStockLogic.h">
      <Filter>include\Logic\Game\Ingredient</Filter>
    </ClInclude>
    <ClInclude Include="..\include\CheeseStockLogic.h">
      <Filter>include\Logic\Game\Ingredient</Filter>
    </ClInclude>
    <ClInclude Include="..\include\MushroomStockLogic.h">
      <Filter>include\Logic\Game\Ingredient</Filter>
    </ClInclude>
    <ClInclude Include="..\include\ShrimpStockLogic.h">
      <Filter>include\Logic\Game\Ingredient</Filter>
    </ClInclude>
    <ClInclude Include="..\include\TomatoStockLogic.h">
      <Filter>include\Logic\Game\Ingredient</Filter>
    </ClInclude>
    <ClInclude Include="..\include\BinLogic.h">
      <Filter>include\Logic\Game\Ingredient</Filter>
    </ClInclude>
    <ClInclude Include="..\include\EndGame.h">
      <Filter>include\Scenes</Filter>
    </ClInclude>
    <ClInclude Include="..\include\WhitePlateStockLogic.h">
      <Filter>include\Logic\Game\Ingredient</Filter>
    </ClInclude>
    <ClInclude Include="..\include\HowToPlay.h">
      <Filter>include\Scenes</Filter>
    </ClInclude>
    <ClInclude Include="..\include\PlayerLogic.h">
      <Filter>include\Logic\Game\Player</Filter>
    </ClInclude>
    <ClInclude Include="..\include\CustomerLogic.h">
      <Filter>include\Logic\Game\Customer</Filter>
    </ClInclude>
    <ClInclude Include="..\include\State.h">
      <Filter>include\Logic\Game\Customer</Filter>
    </ClInclude>
    <ClInclude Include="..\include\StateMachine.h">
      <Filter>include\Logic\Game\Customer</Filter>
    </ClInclude>
    <ClInclude Include="..\include\CustomerIdleState.h">
      <Filter>include\Logic\Game\Customer\States</Filter>
    </ClInclude>
    <ClInclude Include="..\include\CustomerWalkState.h">
      <Filter>include\Logic\Game\Customer\States</Filter>
    </ClInclude>
    <ClInclude Include="..\include\Level0.h">
      <Filter>include\Scenes</Filter>
    </ClInclude>
    <ClInclude Include="..\include\CutSceneLogic.h">
      <Filter>include\Logic\Game</Filter>
    </ClInclude>
    <ClInclude Include="..\include\LevelSelectScreenLogic.h">
      <Filter>include\Logic\MainMenu</Filter>
    </ClInclude>
    <ClInclude Include="..\include\CustomerWaitingOrderState.h">
      <Filter>include\Logic\Game\Customer\States</Filter>
    </ClInclude>
    <ClInclude Include="..\include\OrderTabLogic.h">
      <Filter>include\Logic\Game\UI</Filter>
    </ClInclude>
    <ClInclude Include="..\include\HowToPlayLogic.h">
      <Filter>include\Logic\MainMenu</Filter>
    </ClInclude>
    <ClInclude Include="..\include\PauseMenuLogic.h">
      <Filter>include\Logic\Game\UI</Filter>
    </ClInclude>
    <ClInclude Include="..\include\MovementLogic.h">
      <Filter>include\Logic\Game\Player</Filter>
    </ClInclude>
    <ClInclude Include="..\include\HoldingLogic.h">
      <Filter>include\Logic\Game\Player</Filter>
    </ClInclude>
    <ClInclude Include="..\include\ChopBoardLogic.h">
      <Filter>include\Logic\Game\Station</Filter>
    </ClInclude>
    <ClInclude Include="..\include\CombineLogic.h">
      <Filter>include\Logic\Game\Ingredient</Filter>
    </ClInclude>
    <ClInclude Include="..\include\IngredientType.h">
      <Filter>include\Logic\Game\Ingredient</Filter>
    </ClInclude>
    <ClInclude Include="..\include\ScoreLogic.h">
      <Filter>include\Logic\Game\UI</Filter>
    </ClInclude>
    <ClInclude Include="..\include\TableLogic.h">
      <Filter>include\Logic\Game\Station</Filter>
    </ClInclude>
    <ClInclude Include="..\include\StoveLogic.h">
      <Filter>include\Logic\Game\Station</Filter>
    </ClInclude>
    <ClInclude Include="..\include\SubmitLogic.h">
      <Filter>include\Logic\Game\Station</Filter>
    </ClInclude>
    <ClInclude Include="..\include\RobotLogic.h">
      <Filter>include\Logic\Game\Restock</Filter>
    </ClInclude>
    <ClInclude Include="..\include\RestockLogic.h">
      <Filter>include\Logic\Game\Restock</Filter>
    </ClInclude>
    <ClInclude Include="..\include\GetPotLogic.h">
      <Filter>include\Logic\Game\Station</Filter>
    </ClInclude>
    <ClInclude Include="..\include\GetPanLogic.h">
      <Filter>include\Logic\Game\Station</Filter>
    </ClInclude>
    <ClInclude Include="..\include\BowlStockLogic.h">
      <Filter>include\Logic\Game\Ingredient</Filter>
    </ClInclude>
    <ClInclude Include="..\include\UISliderLogic.h">
      <Filter>include\Logic\Game\UI</Filter>
    </ClInclude>
    <ClInclude Include="..\include\GameSettingsLogic.h">
      <Filter>include\Logic\Game\UI</Filter>
    </ClInclude>
    <ClInclude Include="..\include\CustomerStateManager.h">
      <Filter>include\Logic\Game\Customer</Filter>
    </ClInclude>
    <ClInclude Include="..\include\MiniGameLogic.h">
      <Filter>include\Logic\Game</Filter>
    </ClInclude>
    <ClInclude Include="..\include\GameLoopLogic.h">
      <Filter>include\Logic\Game</Filter>
    </ClInclude>
    <ClInclude Include="..\include\Level15.h">
      <Filter>include\Scenes</Filter>
    </ClInclude>
    <ClInclude Include="..\include\Level2.h">
      <Filter>include\Scenes</Filter>
    </ClInclude>
    <ClInclude Include="..\include\Level3.h">
      <Filter>include\Scenes</Filter>
    </ClInclude>
    <ClInclude Include="..\include\Level25.h">
      <Filter>include\Scenes</Filter>
    </ClInclude>
    <ClInclude Include="..\include\Level35.h">
      <Filter>include\Scenes</Filter>
    </ClInclude>
    <ClInclude Include="..\include\PotLogic.h">
      <Filter>include\Logic\Game\Station</Filter>
    </ClInclude>
    <ClInclude Include="..\include\SliderLogic.h">
      <Filter>include\Logic\Game\Station</Filter>
    </ClInclude>
    <ClInclude Include="..\include\HighlightLogic.h">
      <Filter>include\Logic\Game\Station</Filter>
    </ClInclude>
    <ClInclude Include="..\include\SaveLoadManager.h">
      <Filter>include\Managers</Filter>
    </ClInclude>
  </ItemGroup>
  <ItemGroup>
    <Image Include="..\..\Resources\GameIcon.ico" />
  </ItemGroup>
</Project>